
Microsoft Visual Studio Solution File, Format Version 12.00
# Visual Studio Version 17
VisualStudioVersion = 17.7.34031.279
MinimumVisualStudioVersion = 10.0.40219.1
Project("{FAE04EC0-301F-11D3-BF4B-00C04F79EFBC}") = "Nhom7_PhanMemQuanLyHieuThuoc", "Nhom7_PhanMemQuanLyHieuThuoc\Nhom7_PhanMemQuanLyHieuThuoc.csproj", "{782779E3-F83C-4CFC-9DAA-831C37DE237B}"
EndProject
Global
	GlobalSection(SolutionConfigurationPlatforms) = preSolution
		Debug|Any CPU = Debug|Any CPU
		Release|Any CPU = Release|Any CPU
	EndGlobalSection
	GlobalSection(ProjectConfigurationPlatforms) = postSolution
		{782779E3-F83C-4CFC-9DAA-831C37DE237B}.Debug|Any CPU.ActiveCfg = Debug|Any CPU
		{782779E3-F83C-4CFC-9DAA-831C37DE237B}.Debug|Any CPU.Build.0 = Debug|Any CPU
		{782779E3-F83C-4CFC-9DAA-831C37DE237B}.Release|Any CPU.ActiveCfg = Release|Any CPU
		{782779E3-F83C-4CFC-9DAA-831C37DE237B}.Release|Any CPU.Build.0 = Release|Any CPU
	EndGlobalSection
	GlobalSection(SolutionProperties) = preSolution
		HideSolutionNode = FALSE
	EndGlobalSection
	GlobalSection(ExtensibilityGlobals) = postSolution
		SolutionGuid = {4CE39D1C-5ED0-40D5-9587-E3F687C0A825}
	EndGlobalSection
EndGlobal
